
Microsoft Visual Studio Solution File, Format Version 12.00
# Visual Studio 15
VisualStudioVersion = 15.0.26403.7
MinimumVisualStudioVersion = 10.0.40219.1
Project("{FAE04EC0-301F-11D3-BF4B-00C04F79EFBC}") = "MyCarClassifieds", "MyCarClassifieds\MyCarClassifieds.csproj", "{B43A252A-A0E3-4D75-8196-9F338B69A178}"
EndProject
Project("{E24C65DC-7377-472B-9ABA-BC803B73C61A}") = "my-car-classifieds-ui", "my-car-classifieds-ui\", "{5B6D321B-11B2-47D9-BC06-DF7E4C254D3B}"
	ProjectSection(WebsiteProperties) = preProject
		TargetFrameworkMoniker = ".NETFramework,Version%3Dv4.0"
		Debug.AspNetCompiler.VirtualPath = "/localhost_53129"
		Debug.AspNetCompiler.PhysicalPath = "my-car-classifieds-ui\"
		Debug.AspNetCompiler.TargetPath = "PrecompiledWeb\localhost_53129\"
		Debug.AspNetCompiler.Updateable = "true"
		Debug.AspNetCompiler.ForceOverwrite = "true"
		Debug.AspNetCompiler.FixedNames = "false"
		Debug.AspNetCompiler.Debug = "True"
		Release.AspNetCompiler.VirtualPath = "/localhost_53129"
		Release.AspNetCompiler.PhysicalPath = "my-car-classifieds-ui\"
		Release.AspNetCompiler.TargetPath = "PrecompiledWeb\localhost_53129\"
		Release.AspNetCompiler.Updateable = "true"
		Release.AspNetCompiler.ForceOverwrite = "true"
		Release.AspNetCompiler.FixedNames = "false"
		Release.AspNetCompiler.Debug = "False"
		VWDPort = "53129"
		SlnRelativePath = "my-car-classifieds-ui\"
	EndProjectSection
EndProject
Global
	GlobalSection(SolutionConfigurationPlatforms) = preSolution
		Debug|Any CPU = Debug|Any CPU
		Release|Any CPU = Release|Any CPU
	EndGlobalSection
	GlobalSection(ProjectConfigurationPlatforms) = postSolution
		{B43A252A-A0E3-4D75-8196-9F338B69A178}.Debug|Any CPU.ActiveCfg = Debug|Any CPU
		{B43A252A-A0E3-4D75-8196-9F338B69A178}.Debug|Any CPU.Build.0 = Debug|Any CPU
		{B43A252A-A0E3-4D75-8196-9F338B69A178}.Release|Any CPU.ActiveCfg = Release|Any CPU
		{B43A252A-A0E3-4D75-8196-9F338B69A178}.Release|Any CPU.Build.0 = Release|Any CPU
		{5B6D321B-11B2-47D9-BC06-DF7E4C254D3B}.Debug|Any CPU.ActiveCfg = Debug|Any CPU
		{5B6D321B-11B2-47D9-BC06-DF7E4C254D3B}.Debug|Any CPU.Build.0 = Debug|Any CPU
		{5B6D321B-11B2-47D9-BC06-DF7E4C254D3B}.Release|Any CPU.ActiveCfg = Debug|Any CPU
		{5B6D321B-11B2-47D9-BC06-DF7E4C254D3B}.Release|Any CPU.Build.0 = Debug|Any CPU
	EndGlobalSection
	GlobalSection(SolutionProperties) = preSolution
		HideSolutionNode = FALSE
	EndGlobalSection
EndGlobal
